
Microsoft Visual Studio Solution File, Format Version 12.00
# Visual Studio 15
VisualStudioVersion = 15.0.28307.329
MinimumVisualStudioVersion = 10.0.40219.1
Project("{FAE04EC0-301F-11D3-BF4B-00C04F79EFBC}") = "QRCodeGenerator", "QRCodeGenerator\QRCodeGenerator.csproj", "{689FABC5-B73D-4AD7-9AE1-9E27A36A1211}"
EndProject
Global
	GlobalSection(SolutionConfigurationPlatforms) = preSolution
		Debug|Any CPU = Debug|Any CPU
		Release|Any CPU = Release|Any CPU
	EndGlobalSection
	GlobalSection(ProjectConfigurationPlatforms) = postSolution
		{689FABC5-B73D-4AD7-9AE1-9E27A36A1211}.Debug|Any CPU.ActiveCfg = Debug|Any CPU
		{689FABC5-B73D-4AD7-9AE1-9E27A36A1211}.Debug|Any CPU.Build.0 = Debug|Any CPU
		{689FABC5-B73D-4AD7-9AE1-9E27A36A1211}.Release|Any CPU.ActiveCfg = Release|Any CPU
		{689FABC5-B73D-4AD7-9AE1-9E27A36A1211}.Release|Any CPU.Build.0 = Release|Any CPU
	EndGlobalSection
	GlobalSection(SolutionProperties) = preSolution
		HideSolutionNode = FALSE
	EndGlobalSection
	GlobalSection(ExtensibilityGlobals) = postSolution
		SolutionGuid = {5D665AC0-7382-495E-9EFB-205510DD5F6B}
	EndGlobalSection
EndGlobal
